
Microsoft Visual Studio Solution File, Format Version 12.00
# Visual Studio 15
VisualStudioVersion = 15.0.26124.0
MinimumVisualStudioVersion = 15.0.26124.0
Project("{FAE04EC0-301F-11D3-BF4B-00C04F79EFBC}") = "Expect", "Expect.NET\Expect.csproj", "{71DE9960-C3B1-4071-B47C-3883D4537934}"
EndProject
Project("{FAE04EC0-301F-11D3-BF4B-00C04F79EFBC}") = "ExampleApp", "ExampleApp\ExampleApp.csproj", "{6731D57D-16DA-4798-BDB7-D1931E970546}"
EndProject
Project("{FAE04EC0-301F-11D3-BF4B-00C04F79EFBC}") = "Expect.Test", "Expect.Test\Expect.Test.csproj", "{FA3E019A-02A8-494E-A8DF-3ACB8E466243}"
EndProject
Project("{F184B08F-C81C-45F6-A57F-5ABD9991F28F}") = "ExampleAppVB", "ExampleAppVB\ExampleAppVB.vbproj", "{5A5404C3-6A3D-47BC-BD23-2EA71FE786AE}"
EndProject
Global
	GlobalSection(SolutionConfigurationPlatforms) = preSolution
		Debug|Any CPU = Debug|Any CPU
		Debug|x64 = Debug|x64
		Debug|x86 = Debug|x86
		Release|Any CPU = Release|Any CPU
		Release|x64 = Release|x64
		Release|x86 = Release|x86
	EndGlobalSection
	GlobalSection(SolutionProperties) = preSolution
		HideSolutionNode = FALSE
	EndGlobalSection
	GlobalSection(ProjectConfigurationPlatforms) = postSolution
		{71DE9960-C3B1-4071-B47C-3883D4537934}.Debug|Any CPU.ActiveCfg = Debug|Any CPU
		{71DE9960-C3B1-4071-B47C-3883D4537934}.Debug|Any CPU.Build.0 = Debug|Any CPU
		{71DE9960-C3B1-4071-B47C-3883D4537934}.Debug|x64.ActiveCfg = Debug|Any CPU
		{71DE9960-C3B1-4071-B47C-3883D4537934}.Debug|x64.Build.0 = Debug|Any CPU
		{71DE9960-C3B1-4071-B47C-3883D4537934}.Debug|x86.ActiveCfg = Debug|Any CPU
		{71DE9960-C3B1-4071-B47C-3883D4537934}.Debug|x86.Build.0 = Debug|Any CPU
		{71DE9960-C3B1-4071-B47C-3883D4537934}.Release|Any CPU.ActiveCfg = Release|Any CPU
		{71DE9960-C3B1-4071-B47C-3883D4537934}.Release|Any CPU.Build.0 = Release|Any CPU
		{71DE9960-C3B1-4071-B47C-3883D4537934}.Release|x64.ActiveCfg = Release|Any CPU
		{71DE9960-C3B1-4071-B47C-3883D4537934}.Release|x64.Build.0 = Release|Any CPU
		{71DE9960-C3B1-4071-B47C-3883D4537934}.Release|x86.ActiveCfg = Release|Any CPU
		{71DE9960-C3B1-4071-B47C-3883D4537934}.Release|x86.Build.0 = Release|Any CPU
		{6731D57D-16DA-4798-BDB7-D1931E970546}.Debug|Any CPU.ActiveCfg = Debug|Any CPU
		{6731D57D-16DA-4798-BDB7-D1931E970546}.Debug|Any CPU.Build.0 = Debug|Any CPU
		{6731D57D-16DA-4798-BDB7-D1931E970546}.Debug|x64.ActiveCfg = Debug|Any CPU
		{6731D57D-16DA-4798-BDB7-D1931E970546}.Debug|x64.Build.0 = Debug|Any CPU
		{6731D57D-16DA-4798-BDB7-D1931E970546}.Debug|x86.ActiveCfg = Debug|Any CPU
		{6731D57D-16DA-4798-BDB7-D1931E970546}.Debug|x86.Build.0 = Debug|Any CPU
		{6731D57D-16DA-4798-BDB7-D1931E970546}.Release|Any CPU.ActiveCfg = Release|Any CPU
		{6731D57D-16DA-4798-BDB7-D1931E970546}.Release|Any CPU.Build.0 = Release|Any CPU
		{6731D57D-16DA-4798-BDB7-D1931E970546}.Release|x64.ActiveCfg = Release|Any CPU
		{6731D57D-16DA-4798-BDB7-D1931E970546}.Release|x64.Build.0 = Release|Any CPU
		{6731D57D-16DA-4798-BDB7-D1931E970546}.Release|x86.ActiveCfg = Release|Any CPU
		{6731D57D-16DA-4798-BDB7-D1931E970546}.Release|x86.Build.0 = Release|Any CPU
		{FA3E019A-02A8-494E-A8DF-3ACB8E466243}.Debug|Any CPU.ActiveCfg = Debug|Any CPU
		{FA3E019A-02A8-494E-A8DF-3ACB8E466243}.Debug|Any CPU.Build.0 = Debug|Any CPU
		{FA3E019A-02A8-494E-A8DF-3ACB8E466243}.Debug|x64.ActiveCfg = Debug|Any CPU
		{FA3E019A-02A8-494E-A8DF-3ACB8E466243}.Debug|x64.Build.0 = Debug|Any CPU
		{FA3E019A-02A8-494E-A8DF-3ACB8E466243}.Debug|x86.ActiveCfg = Debug|Any CPU
		{FA3E019A-02A8-494E-A8DF-3ACB8E466243}.Debug|x86.Build.0 = Debug|Any CPU
		{FA3E019A-02A8-494E-A8DF-3ACB8E466243}.Release|Any CPU.ActiveCfg = Release|Any CPU
		{FA3E019A-02A8-494E-A8DF-3ACB8E466243}.Release|Any CPU.Build.0 = Release|Any CPU
		{FA3E019A-02A8-494E-A8DF-3ACB8E466243}.Release|x64.ActiveCfg = Release|Any CPU
		{FA3E019A-02A8-494E-A8DF-3ACB8E466243}.Release|x64.Build.0 = Release|Any CPU
		{FA3E019A-02A8-494E-A8DF-3ACB8E466243}.Release|x86.ActiveCfg = Release|Any CPU
		{FA3E019A-02A8-494E-A8DF-3ACB8E466243}.Release|x86.Build.0 = Release|Any CPU
		{5A5404C3-6A3D-47BC-BD23-2EA71FE786AE}.Debug|Any CPU.ActiveCfg = Debug|Any CPU
		{5A5404C3-6A3D-47BC-BD23-2EA71FE786AE}.Debug|Any CPU.Build.0 = Debug|Any CPU
		{5A5404C3-6A3D-47BC-BD23-2EA71FE786AE}.Debug|x64.ActiveCfg = Debug|Any CPU
		{5A5404C3-6A3D-47BC-BD23-2EA71FE786AE}.Debug|x64.Build.0 = Debug|Any CPU
		{5A5404C3-6A3D-47BC-BD23-2EA71FE786AE}.Debug|x86.ActiveCfg = Debug|Any CPU
		{5A5404C3-6A3D-47BC-BD23-2EA71FE786AE}.Debug|x86.Build.0 = Debug|Any CPU
		{5A5404C3-6A3D-47BC-BD23-2EA71FE786AE}.Release|Any CPU.ActiveCfg = Release|Any CPU
		{5A5404C3-6A3D-47BC-BD23-2EA71FE786AE}.Release|Any CPU.Build.0 = Release|Any CPU
		{5A5404C3-6A3D-47BC-BD23-2EA71FE786AE}.Release|x64.ActiveCfg = Release|Any CPU
		{5A5404C3-6A3D-47BC-BD23-2EA71FE786AE}.Release|x64.Build.0 = Release|Any CPU
		{5A5404C3-6A3D-47BC-BD23-2EA71FE786AE}.Release|x86.ActiveCfg = Release|Any CPU
		{5A5404C3-6A3D-47BC-BD23-2EA71FE786AE}.Release|x86.Build.0 = Release|Any CPU
	EndGlobalSection
EndGlobal
